
Microsoft Visual Studio Solution File, Format Version 12.00
# Visual Studio Version 17
VisualStudioVersion = 17.10.35027.167
MinimumVisualStudioVersion = 10.0.40219.1
Project("{FAE04EC0-301F-11D3-BF4B-00C04F79EFBC}") = "pascal triangle", "pascal triangle\pascal triangle.csproj", "{B41CB471-7E62-4FD1-A075-6C5E4CD5CB90}"
EndProject
Global
	GlobalSection(SolutionConfigurationPlatforms) = preSolution
		Debug|Any CPU = Debug|Any CPU
		Release|Any CPU = Release|Any CPU
	EndGlobalSection
	GlobalSection(ProjectConfigurationPlatforms) = postSolution
		{B41CB471-7E62-4FD1-A075-6C5E4CD5CB90}.Debug|Any CPU.ActiveCfg = Debug|Any CPU
		{B41CB471-7E62-4FD1-A075-6C5E4CD5CB90}.Debug|Any CPU.Build.0 = Debug|Any CPU
		{B41CB471-7E62-4FD1-A075-6C5E4CD5CB90}.Release|Any CPU.ActiveCfg = Release|Any CPU
		{B41CB471-7E62-4FD1-A075-6C5E4CD5CB90}.Release|Any CPU.Build.0 = Release|Any CPU
	EndGlobalSection
	GlobalSection(SolutionProperties) = preSolution
		HideSolutionNode = FALSE
	EndGlobalSection
	GlobalSection(ExtensibilityGlobals) = postSolution
		SolutionGuid = {4F3A0C4C-E8DD-4522-92F2-1974E2B8482F}
	EndGlobalSection
EndGlobal
